<?xml version="1.0" encoding="utf-8"?>
<Project ToolsVersion="4.0" xmlns="http://schemas.microsoft.com/developer/msbuild/2003">
  <ItemGroup>
    <Filter Include="源文件">
      <UniqueIdentifier>{4FC737F1-C7A5-4376-A066-2A32D752A2FF}</UniqueIdentifier>
      <Extensions>cpp;c;cc;cxx;c++;cppm;ixx;def;odl;idl;hpj;bat;asm;asmx</Extensions>
    </Filter>
    <Filter Include="头文件">
      <UniqueIdentifier>{93995380-89BD-4b04-88EB-625FBE52EBFB}</UniqueIdentifier>
      <Extensions>h;hh;hpp;hxx;h++;hm;inl;inc;ipp;xsd</Extensions>
    </Filter>
    <Filter Include="资源文件">
      <UniqueIdentifier>{67DA6AB6-F800-4c08-8B7A-83BB121AAD01}</UniqueIdentifier>
      <Extensions>rc;ico;cur;bmp;dlg;rc2;rct;bin;rgs;gif;jpg;jpeg;jpe;resx;tiff;tif;png;wav;mfcribbon-ms</Extensions>
    </Filter>
  </ItemGroup>
  <ItemGroup>
    <ClInclude Include="include\tool\Direction.h">
      <Filter>头文件</Filter>
    </ClInclude>
    <ClInclude Include="include\tool\Error.h">
      <Filter>头文件</Filter>
    </ClInclude>
    <ClInclude Include="include\entity\type\MapSite.h">
      <Filter>头文件</Filter>
    </ClInclude>
    <ClInclude Include="include\tool\log.h">
      <Filter>头文件</Filter>
    </ClInclude>
    <ClInclude Include="include\entity\door\Door.h">
      <Filter>头文件</Filter>
    </ClInclude>
    <ClInclude Include="include\entity\wall\Wall.h">
      <Filter>头文件</Filter>
    </ClInclude>
    <ClInclude Include="include\entity\room\Room.h">
      <Filter>头文件</Filter>
    </ClInclude>
    <ClInclude Include="include\entity\room\EnchantedRoom.h">
      <Filter>头文件</Filter>
    </ClInclude>
    <ClInclude Include="include\entity\door\EnchantedDoor.h">
      <Filter>头文件</Filter>
    </ClInclude>
    <ClInclude Include="include\factory\BombMazeFactory.h">
      <Filter>头文件</Filter>
    </ClInclude>
    <ClInclude Include="include\factory\EnchantedMazeFactory.h">
      <Filter>头文件</Filter>
    </ClInclude>
    <ClInclude Include="include\entity\room\BombRoom.h">
      <Filter>头文件</Filter>
    </ClInclude>
    <ClInclude Include="include\entity\wall\BombWall.h">
      <Filter>头文件</Filter>
    </ClInclude>
    <ClInclude Include="include\maze\Maze.h">
      <Filter>头文件</Filter>
    </ClInclude>
    <ClInclude Include="include\maze\MazeGame.h">
      <Filter>头文件</Filter>
    </ClInclude>
    <ClInclude Include="include\builder\MazeBuilder.h">
      <Filter>头文件</Filter>
    </ClInclude>
    <ClInclude Include="include\builder\StandardMazeBuilder.h">
      <Filter>头文件</Filter>
    </ClInclude>
    <ClInclude Include="include\builder\CountingMazeBuilder.h">
      <Filter>头文件</Filter>
    </ClInclude>
    <ClInclude Include="include\entity\door\NormalDoor.h">
      <Filter>头文件</Filter>
    </ClInclude>
    <ClInclude Include="include\entity\room\NormalRoom.h">
      <Filter>头文件</Filter>
    </ClInclude>
    <ClInclude Include="include\entity\type\Enchanted.h">
      <Filter>头文件</Filter>
    </ClInclude>
    <ClInclude Include="include\entity\type\Bomb.h">
      <Filter>头文件</Filter>
    </ClInclude>
    <ClInclude Include="include\entity\wall\NomalWall.h">
      <Filter>头文件</Filter>
    </ClInclude>
  </ItemGroup>
  <ItemGroup>
    <ClCompile Include="main.cpp">
      <Filter>源文件</Filter>
    </ClCompile>
    <ClCompile Include="include\factory\MazeFactory.h">
      <Filter>源文件</Filter>
    </ClCompile>
    <ClCompile Include="src\entity\room\Room.cpp">
      <Filter>源文件</Filter>
    </ClCompile>
    <ClCompile Include="src\entity\door\Door.cpp">
      <Filter>源文件</Filter>
    </ClCompile>
    <ClCompile Include="src\entity\wall\Wall.cpp">
      <Filter>源文件</Filter>
    </ClCompile>
    <ClCompile Include="src\factory\MazeFatory.cpp">
      <Filter>源文件</Filter>
    </ClCompile>
    <ClCompile Include="src\tool\log.cpp">
      <Filter>源文件</Filter>
    </ClCompile>
    <ClCompile Include="src\entity\room\EnchantedRoom.cpp">
      <Filter>源文件</Filter>
    </ClCompile>
    <ClCompile Include="src\entity\door\EnchantedDoor.cpp">
      <Filter>源文件</Filter>
    </ClCompile>
    <ClCompile Include="src\factory\BombMazeFactory.cpp">
      <Filter>源文件</Filter>
    </ClCompile>
    <ClCompile Include="src\factory\EnchantedMazeFactory.cpp">
      <Filter>源文件</Filter>
    </ClCompile>
    <ClCompile Include="src\entity\wall\BombWall.cpp">
      <Filter>源文件</Filter>
    </ClCompile>
    <ClCompile Include="src\entity\room\BombRoom.cpp">
      <Filter>源文件</Filter>
    </ClCompile>
    <ClCompile Include="src\maze\Maze.cpp">
      <Filter>源文件</Filter>
    </ClCompile>
    <ClCompile Include="src\maze\MazeGame.cpp">
      <Filter>源文件</Filter>
    </ClCompile>
    <ClCompile Include="src\builder\StandardMazeBuilder.cpp">
      <Filter>源文件</Filter>
    </ClCompile>
    <ClCompile Include="src\builder\CountingMazeBuilder.cpp">
      <Filter>源文件</Filter>
    </ClCompile>
    <ClCompile Include="src\builder\Builder.cpp">
      <Filter>源文件</Filter>
    </ClCompile>
    <ClCompile Include="src\entity\type\Bomb.cpp">
      <Filter>源文件</Filter>
    </ClCompile>
    <ClCompile Include="src\entity\type\Enchanted.cpp">
      <Filter>源文件</Filter>
    </ClCompile>
    <ClCompile Include="src\entity\door\NormalDoor.cpp">
      <Filter>源文件</Filter>
    </ClCompile>
    <ClCompile Include="src\entity\room\NormalRoom.cpp">
      <Filter>源文件</Filter>
    </ClCompile>
    <ClCompile Include="src\entity\wall\NormalWall.cpp">
      <Filter>源文件</Filter>
    </ClCompile>
  </ItemGroup>
</Project>