<?xml version="1.0" encoding="utf-8"?>
<Project ToolsVersion="4.0" xmlns="http://schemas.microsoft.com/developer/msbuild/2003">
  <ItemGroup>
    <Filter Include="源文件">
      <UniqueIdentifier>{4FC737F1-C7A5-4376-A066-2A32D752A2FF}</UniqueIdentifier>
      <Extensions>cpp;c;cc;cxx;c++;cppm;ixx;def;odl;idl;hpj;bat;asm;asmx</Extensions>
    </Filter>
    <Filter Include="头文件">
      <UniqueIdentifier>{93995380-89BD-4b04-88EB-625FBE52EBFB}</UniqueIdentifier>
      <Extensions>h;hh;hpp;hxx;h++;hm;inl;inc;ipp;xsd</Extensions>
    </Filter>
    <Filter Include="资源文件">
      <UniqueIdentifier>{67DA6AB6-F800-4c08-8B7A-83BB121AAD01}</UniqueIdentifier>
      <Extensions>rc;ico;cur;bmp;dlg;rc2;rct;bin;rgs;gif;jpg;jpeg;jpe;resx;tiff;tif;png;wav;mfcribbon-ms</Extensions>
    </Filter>
  </ItemGroup>
  <ItemGroup>
    <ClCompile Include="main.cpp">
      <Filter>源文件</Filter>
    </ClCompile>
    <ClCompile Include="src\chain_of_responsibility\handlers\HelpHandler.cpp">
      <Filter>源文件</Filter>
    </ClCompile>
    <ClCompile Include="src\chain_of_responsibility\concrete_handlers\CORButton.cpp">
      <Filter>源文件</Filter>
    </ClCompile>
    <ClCompile Include="src\chain_of_responsibility\concrete_handlers\Dialog.cpp">
      <Filter>源文件</Filter>
    </ClCompile>
    <ClCompile Include="src\chain_of_responsibility\concrete_handlers\CORWidget.cpp">
      <Filter>源文件</Filter>
    </ClCompile>
    <ClCompile Include="src\command\commands\Command.cpp">
      <Filter>源文件</Filter>
    </ClCompile>
    <ClCompile Include="src\command\concrete_commands\OpenCommand.cpp">
      <Filter>源文件</Filter>
    </ClCompile>
    <ClCompile Include="src\command\concrete_commands\PasteCommand.cpp">
      <Filter>源文件</Filter>
    </ClCompile>
    <ClCompile Include="src\command\concrete_commands\SimpleCommand.cpp">
      <Filter>源文件</Filter>
    </ClCompile>
    <ClCompile Include="src\command\clients\CApplication.cpp">
      <Filter>源文件</Filter>
    </ClCompile>
    <ClCompile Include="src\command\receivers\Document.cpp">
      <Filter>源文件</Filter>
    </ClCompile>
    <ClCompile Include="src\tool\log.cpp">
      <Filter>源文件</Filter>
    </ClCompile>
    <ClCompile Include="src\interpreter\terminal_expressions\VariableExp.cpp">
      <Filter>源文件</Filter>
    </ClCompile>
    <ClCompile Include="src\interpreter\not_terminal_expressions\AddExp.cpp">
      <Filter>源文件</Filter>
    </ClCompile>
    <ClCompile Include="src\interpreter\not_terminal_expressions\OrExp.cpp">
      <Filter>源文件</Filter>
    </ClCompile>
    <ClCompile Include="src\interpreter\terminal_expressions\ConstantExp.cpp">
      <Filter>源文件</Filter>
    </ClCompile>
    <ClCompile Include="src\interpreter\not_terminal_expressions\NotExp.cpp">
      <Filter>源文件</Filter>
    </ClCompile>
    <ClCompile Include="src\interpreter\contexts\Context.cpp">
      <Filter>源文件</Filter>
    </ClCompile>
    <ClCompile Include="src\interpreter\abstract_expressions\BooleanExp.cpp">
      <Filter>源文件</Filter>
    </ClCompile>
    <ClCompile Include="src\iterator\iterators\Iterator.cpp">
      <Filter>源文件</Filter>
    </ClCompile>
    <ClCompile Include="src\iterator\concrete_iterators\ListIterator.cpp">
      <Filter>源文件</Filter>
    </ClCompile>
    <ClCompile Include="src\iterator\iterators\Traverser.cpp">
      <Filter>源文件</Filter>
    </ClCompile>
    <ClCompile Include="src\iterator\concrete_iterators\ListTraverser.cpp">
      <Filter>源文件</Filter>
    </ClCompile>
    <ClCompile Include="src\iterator\concrete_aggregates\List.cpp">
      <Filter>源文件</Filter>
    </ClCompile>
    <ClCompile Include="src\mediator\mediators\DialogDirector.cpp">
      <Filter>源文件</Filter>
    </ClCompile>
    <ClCompile Include="src\mediator\colleagues\MWidget.cpp">
      <Filter>源文件</Filter>
    </ClCompile>
    <ClCompile Include="src\mediator\concrete_mediators\FontDialogDirector.cpp">
      <Filter>源文件</Filter>
    </ClCompile>
    <ClCompile Include="src\memento\originators\ConstraintSolver.cpp">
      <Filter>源文件</Filter>
    </ClCompile>
    <ClCompile Include="src\memento\mementoes\ConstraintSolverMemento.cpp">
      <Filter>源文件</Filter>
    </ClCompile>
    <ClCompile Include="src\memento\caremakers\MoveCommand.cpp">
      <Filter>源文件</Filter>
    </ClCompile>
    <ClCompile Include="src\observer\subjects\Subject.cpp">
      <Filter>源文件</Filter>
    </ClCompile>
    <ClCompile Include="src\observer\concrete_subjects\ClockTimer.cpp">
      <Filter>源文件</Filter>
    </ClCompile>
    <ClCompile Include="src\observer\concrete_observers\DigitalClock.cpp">
      <Filter>源文件</Filter>
    </ClCompile>
    <ClCompile Include="src\state\contexts\TCPConnection.cpp">
      <Filter>源文件</Filter>
    </ClCompile>
    <ClCompile Include="src\state\states\TCPState.cpp">
      <Filter>源文件</Filter>
    </ClCompile>
    <ClCompile Include="src\state\concrete_states\TCPClosed.cpp">
      <Filter>源文件</Filter>
    </ClCompile>
    <ClCompile Include="src\state\concrete_states\TCPEstablished.cpp">
      <Filter>源文件</Filter>
    </ClCompile>
    <ClCompile Include="src\state\concrete_states\TCPListen.cpp">
      <Filter>源文件</Filter>
    </ClCompile>
    <ClCompile Include="src\strategy\contexts\Composition.cpp">
      <Filter>源文件</Filter>
    </ClCompile>
    <ClCompile Include="src\strategy\strategies\Compositor.cpp">
      <Filter>源文件</Filter>
    </ClCompile>
    <ClCompile Include="src\strategy\concrete_strategies\ArrayCompositor.cpp">
      <Filter>源文件</Filter>
    </ClCompile>
    <ClCompile Include="src\strategy\concrete_strategies\SimpleCompositor.cpp">
      <Filter>源文件</Filter>
    </ClCompile>
    <ClCompile Include="src\strategy\concrete_strategies\TeXCompositor.cpp">
      <Filter>源文件</Filter>
    </ClCompile>
    <ClCompile Include="src\template_method\abstract_classes\View.cpp">
      <Filter>源文件</Filter>
    </ClCompile>
    <ClCompile Include="src\template_method\concrete _classes\DerivedView.cpp">
      <Filter>源文件</Filter>
    </ClCompile>
    <ClCompile Include="src\Demonstrator.cpp">
      <Filter>源文件</Filter>
    </ClCompile>
    <ClCompile Include="src\chain_of_responsibility\concrete_handlers\Application.cpp">
      <Filter>源文件</Filter>
    </ClCompile>
    <ClCompile Include="src\command\invokers\CommandManager.cpp">
      <Filter>源文件</Filter>
    </ClCompile>
    <ClCompile Include="src\iterator\aggregates\AbstractList.cpp">
      <Filter>源文件</Filter>
    </ClCompile>
    <ClCompile Include="src\iterator\concrete_iterators\IteratorPtr.cpp">
      <Filter>源文件</Filter>
    </ClCompile>
    <ClCompile Include="src\mediator\concrete_colleagues\MButton.cpp">
      <Filter>源文件</Filter>
    </ClCompile>
    <ClCompile Include="src\mediator\concrete_colleagues\ListBox.cpp">
      <Filter>源文件</Filter>
    </ClCompile>
    <ClCompile Include="src\entity\Graphic.cpp">
      <Filter>源文件</Filter>
    </ClCompile>
    <ClCompile Include="src\observer\observers\Observer.cpp">
      <Filter>源文件</Filter>
    </ClCompile>
    <ClCompile Include="src\visitor\elements\Equipment.cpp">
      <Filter>源文件</Filter>
    </ClCompile>
    <ClCompile Include="src\visitor\concrete_elements\FloppyDisk.cpp">
      <Filter>源文件</Filter>
    </ClCompile>
    <ClCompile Include="src\visitor\concrete_elements\Chassis.cpp">
      <Filter>源文件</Filter>
    </ClCompile>
    <ClCompile Include="src\visitor\visitors\EquipmentVisitor.cpp">
      <Filter>源文件</Filter>
    </ClCompile>
    <ClCompile Include="src\visitor\concrete_visitors\PricingVisitor.cpp">
      <Filter>源文件</Filter>
    </ClCompile>
    <ClCompile Include="src\visitor\object_structures\ObjectStructure.cpp">
      <Filter>源文件</Filter>
    </ClCompile>
  </ItemGroup>
  <ItemGroup>
    <ClInclude Include="include\chain_of_responsibility\handlers\HelpHandler.h">
      <Filter>头文件</Filter>
    </ClInclude>
    <ClInclude Include="include\chain_of_responsibility\concrete_handlers\CORWidget.h">
      <Filter>头文件</Filter>
    </ClInclude>
    <ClInclude Include="include\chain_of_responsibility\concrete_handlers\CORButton.h">
      <Filter>头文件</Filter>
    </ClInclude>
    <ClInclude Include="include\chain_of_responsibility\concrete_handlers\Dialog.h">
      <Filter>头文件</Filter>
    </ClInclude>
    <ClInclude Include="include\command\clients\CApplication.h">
      <Filter>头文件</Filter>
    </ClInclude>
    <ClInclude Include="include\command\receivers\Document.h">
      <Filter>头文件</Filter>
    </ClInclude>
    <ClInclude Include="include\command\commands\Command.h">
      <Filter>头文件</Filter>
    </ClInclude>
    <ClInclude Include="include\command\concrete_commands\OpenCommand.h">
      <Filter>头文件</Filter>
    </ClInclude>
    <ClInclude Include="include\command\concrete_commands\PasteCommand.h">
      <Filter>头文件</Filter>
    </ClInclude>
    <ClInclude Include="include\command\concrete_commands\SimpleCommand.h">
      <Filter>头文件</Filter>
    </ClInclude>
    <ClInclude Include="include\tool\log.h">
      <Filter>头文件</Filter>
    </ClInclude>
    <ClInclude Include="include\interpreter\abstract_expressions\BooleanExp.h">
      <Filter>头文件</Filter>
    </ClInclude>
    <ClInclude Include="include\interpreter\terminal_expressions\VariableExp.h">
      <Filter>头文件</Filter>
    </ClInclude>
    <ClInclude Include="include\interpreter\not_terminal_expressions\AddExp.h">
      <Filter>头文件</Filter>
    </ClInclude>
    <ClInclude Include="include\interpreter\not_terminal_expressions\OrExp.h">
      <Filter>头文件</Filter>
    </ClInclude>
    <ClInclude Include="include\interpreter\not_terminal_expressions\NotExp.h">
      <Filter>头文件</Filter>
    </ClInclude>
    <ClInclude Include="include\interpreter\terminal_expressions\ConstantExp.h">
      <Filter>头文件</Filter>
    </ClInclude>
    <ClInclude Include="include\interpreter\contexts\Context.h">
      <Filter>头文件</Filter>
    </ClInclude>
    <ClInclude Include="include\connection\BC.h">
      <Filter>头文件</Filter>
    </ClInclude>
    <ClInclude Include="include\iterator\concrete_aggregates\List.h">
      <Filter>头文件</Filter>
    </ClInclude>
    <ClInclude Include="include\iterator\iterators\Iterator.h">
      <Filter>头文件</Filter>
    </ClInclude>
    <ClInclude Include="include\iterator\concrete_iterators\ListIterator.h">
      <Filter>头文件</Filter>
    </ClInclude>
    <ClInclude Include="include\iterator\aggregates\AbstractList.h">
      <Filter>头文件</Filter>
    </ClInclude>
    <ClInclude Include="include\iterator\concrete_iterators\IteratorPtr.h">
      <Filter>头文件</Filter>
    </ClInclude>
    <ClInclude Include="include\iterator\concrete_iterators\ListTraverser.h">
      <Filter>头文件</Filter>
    </ClInclude>
    <ClInclude Include="include\iterator\iterators\Traverser.h">
      <Filter>头文件</Filter>
    </ClInclude>
    <ClInclude Include="include\mediator\mediators\DialogDirector.h">
      <Filter>头文件</Filter>
    </ClInclude>
    <ClInclude Include="include\connection\DW.h">
      <Filter>头文件</Filter>
    </ClInclude>
    <ClInclude Include="include\mediator\colleagues\MWidget.h">
      <Filter>头文件</Filter>
    </ClInclude>
    <ClInclude Include="include\mediator\concrete_colleagues\ListBox.h">
      <Filter>头文件</Filter>
    </ClInclude>
    <ClInclude Include="include\mediator\concrete_colleagues\MButton.h">
      <Filter>头文件</Filter>
    </ClInclude>
    <ClInclude Include="include\mediator\concrete_mediators\FontDialogDirector.h">
      <Filter>头文件</Filter>
    </ClInclude>
    <ClInclude Include="include\entity\State.h">
      <Filter>头文件</Filter>
    </ClInclude>
    <ClInclude Include="include\memento\caremakers\MoveCommand.h">
      <Filter>头文件</Filter>
    </ClInclude>
    <ClInclude Include="include\memento\mementoes\ConstraintSolverMemento.h">
      <Filter>头文件</Filter>
    </ClInclude>
    <ClInclude Include="include\entity\Graphic.h">
      <Filter>头文件</Filter>
    </ClInclude>
    <ClInclude Include="include\memento\originators\ConstraintSolver.h">
      <Filter>头文件</Filter>
    </ClInclude>
    <ClInclude Include="include\observer\subjects\Subject.h">
      <Filter>头文件</Filter>
    </ClInclude>
    <ClInclude Include="include\observer\observers\Observer.h">
      <Filter>头文件</Filter>
    </ClInclude>
    <ClInclude Include="include\connection\OS.h">
      <Filter>头文件</Filter>
    </ClInclude>
    <ClInclude Include="include\observer\concrete_subjects\ClockTimer.h">
      <Filter>头文件</Filter>
    </ClInclude>
    <ClInclude Include="include\observer\concrete_observers\DigitalClock.h">
      <Filter>头文件</Filter>
    </ClInclude>
    <ClInclude Include="include\state\contexts\TCPConnection.h">
      <Filter>头文件</Filter>
    </ClInclude>
    <ClInclude Include="include\connection\TCP.h">
      <Filter>头文件</Filter>
    </ClInclude>
    <ClInclude Include="include\state\states\TCPState.h">
      <Filter>头文件</Filter>
    </ClInclude>
    <ClInclude Include="include\state\concrete_states\TCPEstablished.h">
      <Filter>头文件</Filter>
    </ClInclude>
    <ClInclude Include="include\state\concrete_states\TCPListen.h">
      <Filter>头文件</Filter>
    </ClInclude>
    <ClInclude Include="include\state\concrete_states\TCPClosed.h">
      <Filter>头文件</Filter>
    </ClInclude>
    <ClInclude Include="include\strategy\contexts\Composition.h">
      <Filter>头文件</Filter>
    </ClInclude>
    <ClInclude Include="include\connection\CC.h">
      <Filter>头文件</Filter>
    </ClInclude>
    <ClInclude Include="include\strategy\strategies\Compositor.h">
      <Filter>头文件</Filter>
    </ClInclude>
    <ClInclude Include="include\strategy\concrete_strategies\SimpleCompositor.h">
      <Filter>头文件</Filter>
    </ClInclude>
    <ClInclude Include="include\strategy\concrete_strategies\TeXCompositor.h">
      <Filter>头文件</Filter>
    </ClInclude>
    <ClInclude Include="include\strategy\concrete_strategies\ArrayCompositor.h">
      <Filter>头文件</Filter>
    </ClInclude>
    <ClInclude Include="include\connection\CM.h">
      <Filter>头文件</Filter>
    </ClInclude>
    <ClInclude Include="include\template_method\abstract_classes\View.h">
      <Filter>头文件</Filter>
    </ClInclude>
    <ClInclude Include="include\template_method\concrete _classes\DerivedView.h">
      <Filter>头文件</Filter>
    </ClInclude>
    <ClInclude Include="include\visitor\elements\Equipment.h">
      <Filter>头文件</Filter>
    </ClInclude>
    <ClInclude Include="include\visitor\visitors\EquipmentVisitor.h">
      <Filter>头文件</Filter>
    </ClInclude>
    <ClInclude Include="include\visitor\concrete_elements\FloppyDisk.h">
      <Filter>头文件</Filter>
    </ClInclude>
    <ClInclude Include="include\visitor\concrete_elements\Chassis.h">
      <Filter>头文件</Filter>
    </ClInclude>
    <ClInclude Include="include\connection\EEV.h">
      <Filter>头文件</Filter>
    </ClInclude>
    <ClInclude Include="include\visitor\concrete_visitors\PricingVisitor.h">
      <Filter>头文件</Filter>
    </ClInclude>
    <ClInclude Include="include\Demonstrator.h">
      <Filter>头文件</Filter>
    </ClInclude>
    <ClInclude Include="include\chain_of_responsibility\clients\client.h">
      <Filter>头文件</Filter>
    </ClInclude>
    <ClInclude Include="include\chain_of_responsibility\concrete_handlers\CORApplication.h">
      <Filter>头文件</Filter>
    </ClInclude>
    <ClInclude Include="include\command\invokers\CommandManager.h">
      <Filter>头文件</Filter>
    </ClInclude>
    <ClInclude Include="include\interpreter\clients\Client.h">
      <Filter>头文件</Filter>
    </ClInclude>
    <ClInclude Include="include\connection\CSCS.h">
      <Filter>头文件</Filter>
    </ClInclude>
    <ClInclude Include="include\visitor\object_structures\object_structures.h">
      <Filter>头文件</Filter>
    </ClInclude>
  </ItemGroup>
  <ItemGroup>
    <None Include="include\chain_of_responsibility\README.md" />
    <None Include="include\command\README.md" />
    <None Include="include\interpreter\README.md" />
    <None Include="include\memento\README.md" />
    <None Include="include\mediator\README.md" />
    <None Include="include\strategy\README.md" />
    <None Include="include\iterator\README.md" />
    <None Include="include\observer\README.md" />
    <None Include="include\state\README.md" />
    <None Include="include\template_method\README.md" />
    <None Include="include\visitor\README.md" />
  </ItemGroup>
</Project>