<?xml version="1.0" encoding="utf-8"?>
<Project ToolsVersion="4.0" xmlns="http://schemas.microsoft.com/developer/msbuild/2003">
  <ItemGroup>
    <Filter Include="源文件">
      <UniqueIdentifier>{4FC737F1-C7A5-4376-A066-2A32D752A2FF}</UniqueIdentifier>
      <Extensions>cpp;c;cc;cxx;c++;cppm;ixx;def;odl;idl;hpj;bat;asm;asmx</Extensions>
    </Filter>
    <Filter Include="头文件">
      <UniqueIdentifier>{93995380-89BD-4b04-88EB-625FBE52EBFB}</UniqueIdentifier>
      <Extensions>h;hh;hpp;hxx;h++;hm;inl;inc;ipp;xsd</Extensions>
    </Filter>
    <Filter Include="资源文件">
      <UniqueIdentifier>{67DA6AB6-F800-4c08-8B7A-83BB121AAD01}</UniqueIdentifier>
      <Extensions>rc;ico;cur;bmp;dlg;rc2;rct;bin;rgs;gif;jpg;jpeg;jpe;resx;tiff;tif;png;wav;mfcribbon-ms</Extensions>
    </Filter>
  </ItemGroup>
  <ItemGroup>
    <ClCompile Include="main.cpp">
      <Filter>源文件</Filter>
    </ClCompile>
    <ClCompile Include="src\adapter\targets\Shape.cpp">
      <Filter>源文件</Filter>
    </ClCompile>
    <ClCompile Include="src\adapter\adapters\TextShapeObject.cpp">
      <Filter>源文件</Filter>
    </ClCompile>
    <ClCompile Include="src\entity\manipulators\Manipulator.cpp">
      <Filter>源文件</Filter>
    </ClCompile>
    <ClCompile Include="src\entity\manipulators\TextManipulator.cpp">
      <Filter>源文件</Filter>
    </ClCompile>
    <ClCompile Include="src\adapter\adapters\TextShapeClass.cpp">
      <Filter>源文件</Filter>
    </ClCompile>
    <ClCompile Include="src\adapter\adaptees\TextView.cpp">
      <Filter>源文件</Filter>
    </ClCompile>
    <ClCompile Include="src\tool\log.cpp">
      <Filter>源文件</Filter>
    </ClCompile>
    <ClCompile Include="src\composite\composites\CompositeEquipment.cpp">
      <Filter>源文件</Filter>
    </ClCompile>
    <ClCompile Include="src\composite\compoents\Equipment.cpp">
      <Filter>源文件</Filter>
    </ClCompile>
    <ClCompile Include="src\composite\leafs\FloppyDisk.cpp">
      <Filter>源文件</Filter>
    </ClCompile>
    <ClCompile Include="src\facade\sub-system_classes\code_generators\CodeGenerator.cpp">
      <Filter>源文件</Filter>
    </ClCompile>
    <ClCompile Include="src\facade\facades\Compiler.cpp">
      <Filter>源文件</Filter>
    </ClCompile>
    <ClCompile Include="src\facade\sub-system_classes\Parser.cpp">
      <Filter>源文件</Filter>
    </ClCompile>
    <ClCompile Include="src\facade\sub-system_classes\Scanner.cpp">
      <Filter>源文件</Filter>
    </ClCompile>
    <ClCompile Include="src\facade\sub-system_classes\ProgramNodeBuilder.cpp">
      <Filter>源文件</Filter>
    </ClCompile>
    <ClCompile Include="src\proxy\Image.cpp">
      <Filter>源文件</Filter>
    </ClCompile>
    <ClCompile Include="src\proxy\ImageProxy.cpp">
      <Filter>源文件</Filter>
    </ClCompile>
    <ClCompile Include="src\proxy\Graphic.cpp">
      <Filter>源文件</Filter>
    </ClCompile>
    <ClCompile Include="src\entity\compiler\program_node\ExpressionNode.cpp">
      <Filter>源文件</Filter>
    </ClCompile>
    <ClCompile Include="src\entity\compiler\program_node\StatementNode.cpp">
      <Filter>源文件</Filter>
    </ClCompile>
    <ClCompile Include="src\entity\compiler\program_node\ProgramNode.cpp">
      <Filter>源文件</Filter>
    </ClCompile>
    <ClCompile Include="src\bridge\refined_abstractions\AppicationWindow.cpp">
      <Filter>源文件</Filter>
    </ClCompile>
    <ClCompile Include="src\bridge\abstractions\Window.cpp">
      <Filter>源文件</Filter>
    </ClCompile>
    <ClCompile Include="src\bridge\refined_abstractions\IconWindow.cpp">
      <Filter>源文件</Filter>
    </ClCompile>
    <ClCompile Include="src\bridge\implementors\WindowImpl.cpp">
      <Filter>源文件</Filter>
    </ClCompile>
    <ClCompile Include="src\decorator\concrete_decorators\BorderDecorator.cpp">
      <Filter>源文件</Filter>
    </ClCompile>
    <ClCompile Include="src\decorator\concrete_components\ConcreteVisualComponent.cpp">
      <Filter>源文件</Filter>
    </ClCompile>
    <ClCompile Include="src\decorator\decorators\Decorator.cpp">
      <Filter>源文件</Filter>
    </ClCompile>
    <ClCompile Include="src\decorator\components\VisualComponent.cpp">
      <Filter>源文件</Filter>
    </ClCompile>
    <ClCompile Include="src\facade\sub-system_classes\code_generators\RISCCodeGenerator.cpp">
      <Filter>源文件</Filter>
    </ClCompile>
    <ClCompile Include="src\flyweight\Glyph.cpp">
      <Filter>源文件</Filter>
    </ClCompile>
    <ClCompile Include="src\flyweight\GlyphContext.cpp">
      <Filter>源文件</Filter>
    </ClCompile>
    <ClCompile Include="src\flyweight\GlyphFactory.cpp">
      <Filter>源文件</Filter>
    </ClCompile>
    <ClCompile Include="src\Demonstrator.cpp">
      <Filter>源文件</Filter>
    </ClCompile>
    <ClCompile Include="src\bridge\concrete_implementors\XWindowImpl.cpp">
      <Filter>源文件</Filter>
    </ClCompile>
    <ClCompile Include="src\bridge\concrete_implementors\PMWindowImpl.cpp">
      <Filter>源文件</Filter>
    </ClCompile>
    <ClCompile Include="src\composite\leafs\Bus.cpp">
      <Filter>源文件</Filter>
    </ClCompile>
    <ClCompile Include="src\composite\composites\Chassis.cpp">
      <Filter>源文件</Filter>
    </ClCompile>
    <ClCompile Include="src\decorator\concrete_decorators\ScrollDecorator.cpp">
      <Filter>源文件</Filter>
    </ClCompile>
  </ItemGroup>
  <ItemGroup>
    <ClInclude Include="include\adapter\targets\Shape.h">
      <Filter>头文件</Filter>
    </ClInclude>
    <ClInclude Include="include\entity\manipulators\Manipulator.h">
      <Filter>头文件</Filter>
    </ClInclude>
    <ClInclude Include="include\adapter\adaptees\TextView.h">
      <Filter>头文件</Filter>
    </ClInclude>
    <ClInclude Include="include\adapter\adapters\TextShapeClass.h">
      <Filter>头文件</Filter>
    </ClInclude>
    <ClInclude Include="include\entity\manipulators\TextManipulator.h">
      <Filter>头文件</Filter>
    </ClInclude>
    <ClInclude Include="include\adapter\adapters\TextShapeObject.h">
      <Filter>头文件</Filter>
    </ClInclude>
    <ClInclude Include="include\bridge\abstractions\Window.h">
      <Filter>头文件</Filter>
    </ClInclude>
    <ClInclude Include="include\bridge\implementors\WindowImpl.h">
      <Filter>头文件</Filter>
    </ClInclude>
    <ClInclude Include="include\bridge\refined_abstractions\ApplicationWindow.h">
      <Filter>头文件</Filter>
    </ClInclude>
    <ClInclude Include="include\bridge\refined_abstractions\IconWindow.h">
      <Filter>头文件</Filter>
    </ClInclude>
    <ClInclude Include="include\tool\log.h">
      <Filter>头文件</Filter>
    </ClInclude>
    <ClInclude Include="include\composite\components\Equipment.h">
      <Filter>头文件</Filter>
    </ClInclude>
    <ClInclude Include="include\tool\Iterator.h">
      <Filter>头文件</Filter>
    </ClInclude>
    <ClInclude Include="include\composite\leafs\FloppyDisk.h">
      <Filter>头文件</Filter>
    </ClInclude>
    <ClInclude Include="include\composite\composites\CompositeEquipment.h">
      <Filter>头文件</Filter>
    </ClInclude>
    <ClInclude Include="include\tool\SingleValue.h">
      <Filter>头文件</Filter>
    </ClInclude>
    <ClInclude Include="include\composite\composites\Chassis.h">
      <Filter>头文件</Filter>
    </ClInclude>
    <ClInclude Include="include\composite\leafs\Bus.h">
      <Filter>头文件</Filter>
    </ClInclude>
    <ClInclude Include="include\decorator\components\VisualComponent.h">
      <Filter>头文件</Filter>
    </ClInclude>
    <ClInclude Include="include\decorator\decorators\Decorator.h">
      <Filter>头文件</Filter>
    </ClInclude>
    <ClInclude Include="include\decorator\concrete_decorators\BorderDecorator.h">
      <Filter>头文件</Filter>
    </ClInclude>
    <ClInclude Include="include\decorator\concrete_components\ConcreteVisualComponent.h">
      <Filter>头文件</Filter>
    </ClInclude>
    <ClInclude Include="include\facade\sub-system_classes\Scanner.h">
      <Filter>头文件</Filter>
    </ClInclude>
    <ClInclude Include="include\facade\sub-system_classes\Parser.h">
      <Filter>头文件</Filter>
    </ClInclude>
    <ClInclude Include="include\facade\sub-system_classes\ProgramNodeBuilder.h">
      <Filter>头文件</Filter>
    </ClInclude>
    <ClInclude Include="include\entity\compiler\program_node\ProgramNode.h">
      <Filter>头文件</Filter>
    </ClInclude>
    <ClInclude Include="include\facade\sub-system_classes\code_generators\CodeGenerator.h">
      <Filter>头文件</Filter>
    </ClInclude>
    <ClInclude Include="include\entity\compiler\program_node\StatementNode.h">
      <Filter>头文件</Filter>
    </ClInclude>
    <ClInclude Include="include\entity\compiler\program_node\ExpressionNode.h">
      <Filter>头文件</Filter>
    </ClInclude>
    <ClInclude Include="include\entity\compiler\Token.h">
      <Filter>头文件</Filter>
    </ClInclude>
    <ClInclude Include="include\entity\compiler\ByteCodeStream.h">
      <Filter>头文件</Filter>
    </ClInclude>
    <ClInclude Include="include\facade\facades\Compiler.h">
      <Filter>头文件</Filter>
    </ClInclude>
    <ClInclude Include="include\facade\sub-system_classes\code_generators\RISCCodeGenerator.h">
      <Filter>头文件</Filter>
    </ClInclude>
    <ClInclude Include="include\flyweight\Glyph.h">
      <Filter>头文件</Filter>
    </ClInclude>
    <ClInclude Include="include\entity\text\Character.h">
      <Filter>头文件</Filter>
    </ClInclude>
    <ClInclude Include="include\flyweight\GlyphContext.h">
      <Filter>头文件</Filter>
    </ClInclude>
    <ClInclude Include="include\entity\text\Font.h">
      <Filter>头文件</Filter>
    </ClInclude>
    <ClInclude Include="include\entity\text\Window.h">
      <Filter>头文件</Filter>
    </ClInclude>
    <ClInclude Include="include\entity\text\BTree.h">
      <Filter>头文件</Filter>
    </ClInclude>
    <ClInclude Include="include\flyweight\GlyphFactory.h">
      <Filter>头文件</Filter>
    </ClInclude>
    <ClInclude Include="include\entity\text\Row.h">
      <Filter>头文件</Filter>
    </ClInclude>
    <ClInclude Include="include\entity\text\Column.h">
      <Filter>头文件</Filter>
    </ClInclude>
    <ClInclude Include="include\proxy\Graphic.h">
      <Filter>头文件</Filter>
    </ClInclude>
    <ClInclude Include="include\proxy\Image.h">
      <Filter>头文件</Filter>
    </ClInclude>
    <ClInclude Include="include\proxy\ImageProxy.h">
      <Filter>头文件</Filter>
    </ClInclude>
    <ClInclude Include="include\connection\MS.h">
      <Filter>头文件</Filter>
    </ClInclude>
    <ClInclude Include="include\connection\CP.h">
      <Filter>头文件</Filter>
    </ClInclude>
    <ClInclude Include="include\Demonstrator.h">
      <Filter>头文件</Filter>
    </ClInclude>
    <ClInclude Include="include\bridge\concrete_implementors\XWindowImpl.h">
      <Filter>头文件</Filter>
    </ClInclude>
    <ClInclude Include="include\bridge\concrete_implementors\PMWindowImpl.h">
      <Filter>头文件</Filter>
    </ClInclude>
    <ClInclude Include="include\decorator\concrete_decorators\ScrollDecorator.h">
      <Filter>头文件</Filter>
    </ClInclude>
  </ItemGroup>
  <ItemGroup>
    <None Include="include\adapter\README.md" />
    <None Include="include\composite\README.md" />
    <None Include="include\decorator\README.md" />
  </ItemGroup>
</Project>