<?xml version="1.0" encoding="utf-8"?>
<Project ToolsVersion="4.0" xmlns="http://schemas.microsoft.com/developer/msbuild/2003">
  <ItemGroup>
    <Filter Include="源文件">
      <UniqueIdentifier>{4FC737F1-C7A5-4376-A066-2A32D752A2FF}</UniqueIdentifier>
      <Extensions>cpp;c;cc;cxx;c++;cppm;ixx;def;odl;idl;hpj;bat;asm;asmx</Extensions>
    </Filter>
    <Filter Include="头文件">
      <UniqueIdentifier>{93995380-89BD-4b04-88EB-625FBE52EBFB}</UniqueIdentifier>
      <Extensions>h;hh;hpp;hxx;h++;hm;inl;inc;ipp;xsd</Extensions>
    </Filter>
    <Filter Include="资源文件">
      <UniqueIdentifier>{67DA6AB6-F800-4c08-8B7A-83BB121AAD01}</UniqueIdentifier>
      <Extensions>rc;ico;cur;bmp;dlg;rc2;rct;bin;rgs;gif;jpg;jpeg;jpe;resx;tiff;tif;png;wav;mfcribbon-ms</Extensions>
    </Filter>
  </ItemGroup>
  <ItemGroup>
    <ClCompile Include="main.cpp">
      <Filter>源文件</Filter>
    </ClCompile>
    <ClCompile Include="src\entity\point\Point.cpp">
      <Filter>源文件</Filter>
    </ClCompile>
    <ClCompile Include="src\entity\point\Coord.cpp">
      <Filter>源文件</Filter>
    </ClCompile>
    <ClCompile Include="src\entity\shape\Shape.cpp">
      <Filter>源文件</Filter>
    </ClCompile>
    <ClCompile Include="src\adapter\TextShapeObject.cpp">
      <Filter>源文件</Filter>
    </ClCompile>
    <ClCompile Include="src\entity\manipulator\Manipulator.cpp">
      <Filter>源文件</Filter>
    </ClCompile>
    <ClCompile Include="src\entity\manipulator\TextManipulator.cpp">
      <Filter>源文件</Filter>
    </ClCompile>
    <ClCompile Include="src\adapter\TextShapeClass.cpp">
      <Filter>源文件</Filter>
    </ClCompile>
    <ClCompile Include="src\entity\view\View.cpp">
      <Filter>源文件</Filter>
    </ClCompile>
    <ClCompile Include="src\entity\view\TextView.cpp">
      <Filter>源文件</Filter>
    </ClCompile>
    <ClCompile Include="src\tool\log.cpp">
      <Filter>源文件</Filter>
    </ClCompile>
    <ClCompile Include="src\entity\electric\Currency.cpp">
      <Filter>源文件</Filter>
    </ClCompile>
    <ClCompile Include="src\entity\electric\Watt.cpp">
      <Filter>源文件</Filter>
    </ClCompile>
    <ClCompile Include="src\composite\CompositeEquipment.cpp">
      <Filter>源文件</Filter>
    </ClCompile>
    <ClCompile Include="src\composite\Equipment.cpp">
      <Filter>源文件</Filter>
    </ClCompile>
    <ClCompile Include="src\composite\FloppyDisk.cpp">
      <Filter>源文件</Filter>
    </ClCompile>
    <ClCompile Include="src\facade\code_generator\CodeGenerator.cpp">
      <Filter>源文件</Filter>
    </ClCompile>
    <ClCompile Include="src\facade\Compiler.cpp">
      <Filter>源文件</Filter>
    </ClCompile>
    <ClCompile Include="src\facade\Parser.cpp">
      <Filter>源文件</Filter>
    </ClCompile>
    <ClCompile Include="src\facade\Scanner.cpp">
      <Filter>源文件</Filter>
    </ClCompile>
    <ClCompile Include="src\facade\ProgramNodeBuilder.cpp">
      <Filter>源文件</Filter>
    </ClCompile>
    <ClCompile Include="src\proxy\Image.cpp">
      <Filter>源文件</Filter>
    </ClCompile>
    <ClCompile Include="src\proxy\ImageProxy.cpp">
      <Filter>源文件</Filter>
    </ClCompile>
    <ClCompile Include="src\proxy\Graphic.cpp">
      <Filter>源文件</Filter>
    </ClCompile>
    <ClCompile Include="src\entity\compiler\program_node\ExpressionNode.cpp">
      <Filter>源文件</Filter>
    </ClCompile>
    <ClCompile Include="src\entity\compiler\program_node\StatementNode.cpp">
      <Filter>源文件</Filter>
    </ClCompile>
    <ClCompile Include="src\entity\compiler\program_node\ProgramNode.cpp">
      <Filter>源文件</Filter>
    </ClCompile>
    <ClCompile Include="src\bridge\window\AppicationWindow.cpp">
      <Filter>源文件</Filter>
    </ClCompile>
    <ClCompile Include="src\bridge\window\Window.cpp">
      <Filter>源文件</Filter>
    </ClCompile>
    <ClCompile Include="src\bridge\window\IconWindow.cpp">
      <Filter>源文件</Filter>
    </ClCompile>
    <ClCompile Include="src\bridge\window_impl\WindowImpl.cpp">
      <Filter>源文件</Filter>
    </ClCompile>
    <ClCompile Include="src\decorator\BorderDecorator.cpp">
      <Filter>源文件</Filter>
    </ClCompile>
    <ClCompile Include="src\decorator\Component.cpp">
      <Filter>源文件</Filter>
    </ClCompile>
    <ClCompile Include="src\decorator\Decorator.cpp">
      <Filter>源文件</Filter>
    </ClCompile>
    <ClCompile Include="src\decorator\VisualComponent.cpp">
      <Filter>源文件</Filter>
    </ClCompile>
    <ClCompile Include="src\facade\code_generator\RISCCodeGenerator.cpp">
      <Filter>源文件</Filter>
    </ClCompile>
    <ClCompile Include="src\flyweight\Glyph.cpp">
      <Filter>源文件</Filter>
    </ClCompile>
    <ClCompile Include="src\flyweight\GlyphContext.cpp">
      <Filter>源文件</Filter>
    </ClCompile>
    <ClCompile Include="src\flyweight\GlyphFactory.cpp">
      <Filter>源文件</Filter>
    </ClCompile>
  </ItemGroup>
  <ItemGroup>
    <ClInclude Include="include\entity\point\Point.h">
      <Filter>头文件</Filter>
    </ClInclude>
    <ClInclude Include="include\entity\shape\Shape.h">
      <Filter>头文件</Filter>
    </ClInclude>
    <ClInclude Include="include\entity\manipulator\Manipulator.h">
      <Filter>头文件</Filter>
    </ClInclude>
    <ClInclude Include="include\entity\view\TextView.h">
      <Filter>头文件</Filter>
    </ClInclude>
    <ClInclude Include="include\entity\point\Coord.h">
      <Filter>头文件</Filter>
    </ClInclude>
    <ClInclude Include="include\adapter\TextShapeClass.h">
      <Filter>头文件</Filter>
    </ClInclude>
    <ClInclude Include="include\entity\manipulator\TextManipulator.h">
      <Filter>头文件</Filter>
    </ClInclude>
    <ClInclude Include="include\adapter\TextShapeObject.h">
      <Filter>头文件</Filter>
    </ClInclude>
    <ClInclude Include="include\bridge\window\Window.h">
      <Filter>头文件</Filter>
    </ClInclude>
    <ClInclude Include="include\entity\view\View.h">
      <Filter>头文件</Filter>
    </ClInclude>
    <ClInclude Include="include\bridge\window_impl\WindowImpl.h">
      <Filter>头文件</Filter>
    </ClInclude>
    <ClInclude Include="include\bridge\window\ApplicationWindow.h">
      <Filter>头文件</Filter>
    </ClInclude>
    <ClInclude Include="include\bridge\window\IconWindow.h">
      <Filter>头文件</Filter>
    </ClInclude>
    <ClInclude Include="include\tool\log.h">
      <Filter>头文件</Filter>
    </ClInclude>
    <ClInclude Include="include\composite\Equipment.h">
      <Filter>头文件</Filter>
    </ClInclude>
    <ClInclude Include="include\entity\electric\Watt.h">
      <Filter>头文件</Filter>
    </ClInclude>
    <ClInclude Include="include\entity\electric\Currency.h">
      <Filter>头文件</Filter>
    </ClInclude>
    <ClInclude Include="include\tool\Iterator.h">
      <Filter>头文件</Filter>
    </ClInclude>
    <ClInclude Include="include\composite\FloppyDisk.h">
      <Filter>头文件</Filter>
    </ClInclude>
    <ClInclude Include="include\composite\CompositeEquipment.h">
      <Filter>头文件</Filter>
    </ClInclude>
    <ClInclude Include="include\tool\SingleValue.h">
      <Filter>头文件</Filter>
    </ClInclude>
    <ClInclude Include="include\composite\Chassis.h">
      <Filter>头文件</Filter>
    </ClInclude>
    <ClInclude Include="include\composite\Bus.h">
      <Filter>头文件</Filter>
    </ClInclude>
    <ClInclude Include="include\decorator\VisualComponent.h">
      <Filter>头文件</Filter>
    </ClInclude>
    <ClInclude Include="include\decorator\Decorator.h">
      <Filter>头文件</Filter>
    </ClInclude>
    <ClInclude Include="include\decorator\BorderDecorator.h">
      <Filter>头文件</Filter>
    </ClInclude>
    <ClInclude Include="include\decorator\Component.h">
      <Filter>头文件</Filter>
    </ClInclude>
    <ClInclude Include="include\facade\Scanner.h">
      <Filter>头文件</Filter>
    </ClInclude>
    <ClInclude Include="include\facade\Parser.h">
      <Filter>头文件</Filter>
    </ClInclude>
    <ClInclude Include="include\facade\ProgramNodeBuilder.h">
      <Filter>头文件</Filter>
    </ClInclude>
    <ClInclude Include="include\entity\compiler\program_node\ProgramNode.h">
      <Filter>头文件</Filter>
    </ClInclude>
    <ClInclude Include="include\facade\code_generator\CodeGenerator.h">
      <Filter>头文件</Filter>
    </ClInclude>
    <ClInclude Include="include\entity\compiler\program_node\StatementNode.h">
      <Filter>头文件</Filter>
    </ClInclude>
    <ClInclude Include="include\entity\compiler\program_node\ExpressionNode.h">
      <Filter>头文件</Filter>
    </ClInclude>
    <ClInclude Include="include\entity\compiler\Token.h">
      <Filter>头文件</Filter>
    </ClInclude>
    <ClInclude Include="include\entity\compiler\ByteCodeStream.h">
      <Filter>头文件</Filter>
    </ClInclude>
    <ClInclude Include="include\facade\Compiler.h">
      <Filter>头文件</Filter>
    </ClInclude>
    <ClInclude Include="include\facade\code_generator\RISCCodeGenerator.h">
      <Filter>头文件</Filter>
    </ClInclude>
    <ClInclude Include="include\flyweight\Glyph.h">
      <Filter>头文件</Filter>
    </ClInclude>
    <ClInclude Include="include\entity\text\Character.h">
      <Filter>头文件</Filter>
    </ClInclude>
    <ClInclude Include="include\flyweight\GlyphContext.h">
      <Filter>头文件</Filter>
    </ClInclude>
    <ClInclude Include="include\entity\text\Font.h">
      <Filter>头文件</Filter>
    </ClInclude>
    <ClInclude Include="include\entity\text\Window.h">
      <Filter>头文件</Filter>
    </ClInclude>
    <ClInclude Include="include\entity\text\BTree.h">
      <Filter>头文件</Filter>
    </ClInclude>
    <ClInclude Include="include\flyweight\GlyphFactory.h">
      <Filter>头文件</Filter>
    </ClInclude>
    <ClInclude Include="include\entity\text\Row.h">
      <Filter>头文件</Filter>
    </ClInclude>
    <ClInclude Include="include\entity\text\Column.h">
      <Filter>头文件</Filter>
    </ClInclude>
    <ClInclude Include="include\proxy\Graphic.h">
      <Filter>头文件</Filter>
    </ClInclude>
    <ClInclude Include="include\entity\Event.h">
      <Filter>头文件</Filter>
    </ClInclude>
    <ClInclude Include="include\proxy\Image.h">
      <Filter>头文件</Filter>
    </ClInclude>
    <ClInclude Include="include\proxy\ImageProxy.h">
      <Filter>头文件</Filter>
    </ClInclude>
    <ClInclude Include="include\entity\Shape_Manipulator.h">
      <Filter>头文件</Filter>
    </ClInclude>
    <ClInclude Include="include\entity\CodeGenerator_ProgramNode.h">
      <Filter>头文件</Filter>
    </ClInclude>
  </ItemGroup>
</Project>